{
  "name": "restate-e3-fixture-service",
  "version": "0.1.0",
  "lockfileVersion": 3,
  "requires": true,
  "packages": {
    "": {
      "name": "restate-e3-fixture-service",
      "version": "0.1.0",
      "dependencies": {
        "@restatedev/restate-sdk": "1.16.2"
      }
    },
    "node_modules/@restatedev/restate-sdk": {
      "version": "1.16.2",
      "resolved": "https://registry.npmjs.org/@restatedev/restate-sdk/-/restate-sdk-1.16.2.tgz",
      "integrity": "sha512-L2XqUukvdGYmqCqsFvJzTsaU3JiuFzsYSh6nK19Q1yKNOr/bBBZKdic0o0hza5P5QdiiFC5jLHJ5wCWt77IO0Q==",
      "dependencies": {
        "@restatedev/restate-sdk-core": "1.16.2"
      }
    },
    "node_modules/@restatedev/restate-sdk-core": {
      "version": "1.16.2",
      "resolved": "https://registry.npmjs.org/@restatedev/restate-sdk-core/-/restate-sdk-core-1.16.2.tgz",
      "integrity": "sha512-dytd78+c7x24NFhfj7XpziqYJCY5E4DE2Qd0N6la/hXoF2SbhhM5/Iey82MCwELCEnN7RPfN3+/Th58LQezTQw=="
    }
  }
}
